// !$*UTF8*$!
{
	archiveVersion = 1;
	classes = {
	};
	objectVersion = 56;
	objects = {

/* Begin PBXBuildFile section */
		8E03B0BE2BDE3BF00057AAF9 /* AccountView.swift in Sources */ = {isa = PBXBuildFile; fileRef = 8E03B0BD2BDE3BF00057AAF9 /* AccountView.swift */; };
		8E03B0C12BDE43070057AAF9 /* SettingsView.swift in Sources */ = {isa = PBXBuildFile; fileRef = 8E03B0C02BDE43070057AAF9 /* SettingsView.swift */; };
		8E03B0C42BDE44690057AAF9 /* SettingsViewModel.swift in Sources */ = {isa = PBXBuildFile; fileRef = 8E03B0C32BDE44690057AAF9 /* SettingsViewModel.swift */; };
		8E03B0CF2BDEC8B70057AAF9 /* MainMenuView.swift in Sources */ = {isa = PBXBuildFile; fileRef = 8E03B0CE2BDEC8B70057AAF9 /* MainMenuView.swift */; };
		8E03B0D22BDEDB760057AAF9 /* APIError.swift in Sources */ = {isa = PBXBuildFile; fileRef = 8E03B0D12BDEDB760057AAF9 /* APIError.swift */; };
		8E03B0D42BDEE94A0057AAF9 /* DiscoveredPlayerView.swift in Sources */ = {isa = PBXBuildFile; fileRef = 8E03B0D32BDEE94A0057AAF9 /* DiscoveredPlayerView.swift */; };
		8E03B0D62BDEE99E0057AAF9 /* BluetoothService.swift in Sources */ = {isa = PBXBuildFile; fileRef = 8E03B0D52BDEE99E0057AAF9 /* BluetoothService.swift */; };
		8E03B0D82BDEEC1C0057AAF9 /* RegisterMatchView.swift in Sources */ = {isa = PBXBuildFile; fileRef = 8E03B0D72BDEEC1C0057AAF9 /* RegisterMatchView.swift */; };
		8E03B0DB2BDEEC390057AAF9 /* RegisterMatchViewModel.swift in Sources */ = {isa = PBXBuildFile; fileRef = 8E03B0DA2BDEEC390057AAF9 /* RegisterMatchViewModel.swift */; };
		8E03B0DD2BE153940057AAF9 /* NetworkManager.swift in Sources */ = {isa = PBXBuildFile; fileRef = 8E03B0DC2BE153940057AAF9 /* NetworkManager.swift */; };
		8E03B0DF2BE154270057AAF9 /* RequestFactory.swift in Sources */ = {isa = PBXBuildFile; fileRef = 8E03B0DE2BE154270057AAF9 /* RequestFactory.swift */; };
		8E03B0E22BE15A440057AAF9 /* AppSettings.swift in Sources */ = {isa = PBXBuildFile; fileRef = 8E03B0E12BE15A440057AAF9 /* AppSettings.swift */; };
		8E03B0E62BE15DF00057AAF9 /* TournamentRequest.swift in Sources */ = {isa = PBXBuildFile; fileRef = 8E03B0E52BE15DF00057AAF9 /* TournamentRequest.swift */; };
		8E03B0E82BE1690D0057AAF9 /* MatchRequest.swift in Sources */ = {isa = PBXBuildFile; fileRef = 8E03B0E72BE1690D0057AAF9 /* MatchRequest.swift */; };
		8E03B0EB2BE16EA80057AAF9 /* JoinRequest.swift in Sources */ = {isa = PBXBuildFile; fileRef = 8E03B0EA2BE16EA80057AAF9 /* JoinRequest.swift */; };
		8E03B0ED2BE175F70057AAF9 /* ConfirmRegisterMatchView.swift in Sources */ = {isa = PBXBuildFile; fileRef = 8E03B0EC2BE175F70057AAF9 /* ConfirmRegisterMatchView.swift */; };
		8E03B0F02BE18B500057AAF9 /* ButtonStyle.swift in Sources */ = {isa = PBXBuildFile; fileRef = 8E03B0EF2BE18B500057AAF9 /* ButtonStyle.swift */; };
		8E03B0F22BE18CFD0057AAF9 /* ChooseUsernameView.swift in Sources */ = {isa = PBXBuildFile; fileRef = 8E03B0F12BE18CFD0057AAF9 /* ChooseUsernameView.swift */; };
		8E03B0F42BE191A50057AAF9 /* UsernameRequest.swift in Sources */ = {isa = PBXBuildFile; fileRef = 8E03B0F32BE191A50057AAF9 /* UsernameRequest.swift */; };
		8E03B0F62BE1926C0057AAF9 /* ChooseUsernameViewModel.swift in Sources */ = {isa = PBXBuildFile; fileRef = 8E03B0F52BE1926C0057AAF9 /* ChooseUsernameViewModel.swift */; };
		8E47ADBB2C07964200653FD8 /* Match.swift in Sources */ = {isa = PBXBuildFile; fileRef = 8E47ADBA2C07964200653FD8 /* Match.swift */; };
		8E47ADBD2C079AC400653FD8 /* AccountService.swift in Sources */ = {isa = PBXBuildFile; fileRef = 8E47ADBC2C079AC400653FD8 /* AccountService.swift */; };
		8E69A49E2BDC16C7005DC14F /* ErrorView.swift in Sources */ = {isa = PBXBuildFile; fileRef = 8E69A49D2BDC16C7005DC14F /* ErrorView.swift */; };
		8E805E942BE5070C00D144BF /* TournamentViewV2.swift in Sources */ = {isa = PBXBuildFile; fileRef = 8E805E932BE5070C00D144BF /* TournamentViewV2.swift */; };
		8E84D8922BE4CE93006F4E97 /* AuthenticationService.swift in Sources */ = {isa = PBXBuildFile; fileRef = 8E84D8912BE4CE93006F4E97 /* AuthenticationService.swift */; };
		8E84D8942BE4CFF7006F4E97 /* TokenService.swift in Sources */ = {isa = PBXBuildFile; fileRef = 8E84D8932BE4CFF7006F4E97 /* TokenService.swift */; };
		8E84D8962BE4D1F4006F4E97 /* TokenContainer.swift in Sources */ = {isa = PBXBuildFile; fileRef = 8E84D8952BE4D1F4006F4E97 /* TokenContainer.swift */; };
		8E84D8992BE4D234006F4E97 /* KeychainWrapper.swift in Sources */ = {isa = PBXBuildFile; fileRef = 8E84D8982BE4D234006F4E97 /* KeychainWrapper.swift */; };
		8E973E1B2BE7EEFD00E21705 /* MainViewV2.swift in Sources */ = {isa = PBXBuildFile; fileRef = 8E973E1A2BE7EEFD00E21705 /* MainViewV2.swift */; };
		8E973E1D2BE7FA0600E21705 /* ScoreboardView.swift in Sources */ = {isa = PBXBuildFile; fileRef = 8E973E1C2BE7FA0600E21705 /* ScoreboardView.swift */; };
		8EEE2C6F2C09169E00AFA53C /* HomeView.swift in Sources */ = {isa = PBXBuildFile; fileRef = 8EEE2C6E2C09169E00AFA53C /* HomeView.swift */; };
		8EF420512BDBBB2A00383D1D /* TournamentApp.swift in Sources */ = {isa = PBXBuildFile; fileRef = 8EF420502BDBBB2A00383D1D /* TournamentApp.swift */; };
		8EF420532BDBBB2A00383D1D /* MainView.swift in Sources */ = {isa = PBXBuildFile; fileRef = 8EF420522BDBBB2A00383D1D /* MainView.swift */; };
		8EF420552BDBBB2B00383D1D /* Assets.xcassets in Resources */ = {isa = PBXBuildFile; fileRef = 8EF420542BDBBB2B00383D1D /* Assets.xcassets */; };
		8EF420582BDBBB2C00383D1D /* Preview Assets.xcassets in Resources */ = {isa = PBXBuildFile; fileRef = 8EF420572BDBBB2C00383D1D /* Preview Assets.xcassets */; };
		8EF420662BDBBCB500383D1D /* TournamentView.swift in Sources */ = {isa = PBXBuildFile; fileRef = 8EF420652BDBBCB500383D1D /* TournamentView.swift */; };
		8EF420682BDBBD2600383D1D /* PlaceholderView.swift in Sources */ = {isa = PBXBuildFile; fileRef = 8EF420672BDBBD2600383D1D /* PlaceholderView.swift */; };
		8EF4206A2BDBBF5C00383D1D /* AppDelegate.swift in Sources */ = {isa = PBXBuildFile; fileRef = 8EF420692BDBBF5C00383D1D /* AppDelegate.swift */; };
		8EF4206D2BDBC16C00383D1D /* Player.swift in Sources */ = {isa = PBXBuildFile; fileRef = 8EF4206C2BDBC16C00383D1D /* Player.swift */; };
		8EF420702BDBC1B500383D1D /* DataFactory.swift in Sources */ = {isa = PBXBuildFile; fileRef = 8EF4206F2BDBC1B500383D1D /* DataFactory.swift */; };
		8EF420722BDBC20E00383D1D /* TournamentService.swift in Sources */ = {isa = PBXBuildFile; fileRef = 8EF420712BDBC20E00383D1D /* TournamentService.swift */; };
		8EF420742BDBC24900383D1D /* ServiceFactory.swift in Sources */ = {isa = PBXBuildFile; fileRef = 8EF420732BDBC24900383D1D /* ServiceFactory.swift */; };
		8EF420762BDBC3D300383D1D /* Tournament.swift in Sources */ = {isa = PBXBuildFile; fileRef = 8EF420752BDBC3D300383D1D /* Tournament.swift */; };
		8EF420782BDBC4A900383D1D /* TournamentViewModel.swift in Sources */ = {isa = PBXBuildFile; fileRef = 8EF420772BDBC4A900383D1D /* TournamentViewModel.swift */; };
		8EF4207B2BDBC5FD00383D1D /* PlayerView.swift in Sources */ = {isa = PBXBuildFile; fileRef = 8EF4207A2BDBC5FD00383D1D /* PlayerView.swift */; };
		8EF420842BDBE03D00383D1D /* TournamentHeaderView.swift in Sources */ = {isa = PBXBuildFile; fileRef = 8EF420832BDBE03D00383D1D /* TournamentHeaderView.swift */; };
		8EF420882BDBE2E800383D1D /* Account.swift in Sources */ = {isa = PBXBuildFile; fileRef = 8EF420872BDBE2E800383D1D /* Account.swift */; };
		8EF4208B2BDBE3C700383D1D /* SignInView.swift in Sources */ = {isa = PBXBuildFile; fileRef = 8EF4208A2BDBE3C700383D1D /* SignInView.swift */; };
		8EF4208F2BDBE3E400383D1D /* SignInViewModel.swift in Sources */ = {isa = PBXBuildFile; fileRef = 8EF4208E2BDBE3E400383D1D /* SignInViewModel.swift */; };
		8EF420922BDBE44E00383D1D /* Color+Tournament.swift in Sources */ = {isa = PBXBuildFile; fileRef = 8EF420912BDBE44E00383D1D /* Color+Tournament.swift */; };
		8EF420962BDBE8B600383D1D /* CreateTournamentView.swift in Sources */ = {isa = PBXBuildFile; fileRef = 8EF420952BDBE8B600383D1D /* CreateTournamentView.swift */; };
		8EF4209A2BDBEC3C00383D1D /* MainViewModel.swift in Sources */ = {isa = PBXBuildFile; fileRef = 8EF420992BDBEC3C00383D1D /* MainViewModel.swift */; };
		8EF4209E2BDBEF6500383D1D /* JoinTournamentView.swift in Sources */ = {isa = PBXBuildFile; fileRef = 8EF4209D2BDBEF6500383D1D /* JoinTournamentView.swift */; };
		8EF420A02BDBEFF100383D1D /* DigitInputView.swift in Sources */ = {isa = PBXBuildFile; fileRef = 8EF4209F2BDBEFF100383D1D /* DigitInputView.swift */; };
		8EF420A32BDBF36D00383D1D /* JoinTournamentViewModel.swift in Sources */ = {isa = PBXBuildFile; fileRef = 8EF420A22BDBF36D00383D1D /* JoinTournamentViewModel.swift */; };
/* End PBXBuildFile section */

/* Begin PBXFileReference section */
		8E03B0BD2BDE3BF00057AAF9 /* AccountView.swift */ = {isa = PBXFileReference; lastKnownFileType = sourcecode.swift; path = AccountView.swift; sourceTree = "<group>"; };
		8E03B0C02BDE43070057AAF9 /* SettingsView.swift */ = {isa = PBXFileReference; lastKnownFileType = sourcecode.swift; path = SettingsView.swift; sourceTree = "<group>"; };
		8E03B0C32BDE44690057AAF9 /* SettingsViewModel.swift */ = {isa = PBXFileReference; lastKnownFileType = sourcecode.swift; path = SettingsViewModel.swift; sourceTree = "<group>"; };
		8E03B0C52BDEB40B0057AAF9 /* README.md */ = {isa = PBXFileReference; lastKnownFileType = net.daringfireball.markdown; path = README.md; sourceTree = "<group>"; };
		8E03B0C72BDEBC170057AAF9 /* Info.plist */ = {isa = PBXFileReference; lastKnownFileType = text.plist; path = Info.plist; sourceTree = "<group>"; };
		8E03B0CE2BDEC8B70057AAF9 /* MainMenuView.swift */ = {isa = PBXFileReference; lastKnownFileType = sourcecode.swift; path = MainMenuView.swift; sourceTree = "<group>"; };
		8E03B0D12BDEDB760057AAF9 /* APIError.swift */ = {isa = PBXFileReference; lastKnownFileType = sourcecode.swift; path = APIError.swift; sourceTree = "<group>"; };
		8E03B0D32BDEE94A0057AAF9 /* DiscoveredPlayerView.swift */ = {isa = PBXFileReference; lastKnownFileType = sourcecode.swift; path = DiscoveredPlayerView.swift; sourceTree = "<group>"; };
		8E03B0D52BDEE99E0057AAF9 /* BluetoothService.swift */ = {isa = PBXFileReference; lastKnownFileType = sourcecode.swift; path = BluetoothService.swift; sourceTree = "<group>"; };
		8E03B0D72BDEEC1C0057AAF9 /* RegisterMatchView.swift */ = {isa = PBXFileReference; lastKnownFileType = sourcecode.swift; path = RegisterMatchView.swift; sourceTree = "<group>"; };
		8E03B0DA2BDEEC390057AAF9 /* RegisterMatchViewModel.swift */ = {isa = PBXFileReference; lastKnownFileType = sourcecode.swift; path = RegisterMatchViewModel.swift; sourceTree = "<group>"; };
		8E03B0DC2BE153940057AAF9 /* NetworkManager.swift */ = {isa = PBXFileReference; lastKnownFileType = sourcecode.swift; path = NetworkManager.swift; sourceTree = "<group>"; };
		8E03B0DE2BE154270057AAF9 /* RequestFactory.swift */ = {isa = PBXFileReference; lastKnownFileType = sourcecode.swift; path = RequestFactory.swift; sourceTree = "<group>"; };
		8E03B0E12BE15A440057AAF9 /* AppSettings.swift */ = {isa = PBXFileReference; lastKnownFileType = sourcecode.swift; path = AppSettings.swift; sourceTree = "<group>"; };
		8E03B0E52BE15DF00057AAF9 /* TournamentRequest.swift */ = {isa = PBXFileReference; lastKnownFileType = sourcecode.swift; path = TournamentRequest.swift; sourceTree = "<group>"; };
		8E03B0E72BE1690D0057AAF9 /* MatchRequest.swift */ = {isa = PBXFileReference; lastKnownFileType = sourcecode.swift; path = MatchRequest.swift; sourceTree = "<group>"; };
		8E03B0EA2BE16EA80057AAF9 /* JoinRequest.swift */ = {isa = PBXFileReference; lastKnownFileType = sourcecode.swift; path = JoinRequest.swift; sourceTree = "<group>"; };
		8E03B0EC2BE175F70057AAF9 /* ConfirmRegisterMatchView.swift */ = {isa = PBXFileReference; lastKnownFileType = sourcecode.swift; path = ConfirmRegisterMatchView.swift; sourceTree = "<group>"; };
		8E03B0EF2BE18B500057AAF9 /* ButtonStyle.swift */ = {isa = PBXFileReference; lastKnownFileType = sourcecode.swift; path = ButtonStyle.swift; sourceTree = "<group>"; };
		8E03B0F12BE18CFD0057AAF9 /* ChooseUsernameView.swift */ = {isa = PBXFileReference; lastKnownFileType = sourcecode.swift; path = ChooseUsernameView.swift; sourceTree = "<group>"; };
		8E03B0F32BE191A50057AAF9 /* UsernameRequest.swift */ = {isa = PBXFileReference; lastKnownFileType = sourcecode.swift; path = UsernameRequest.swift; sourceTree = "<group>"; };
		8E03B0F52BE1926C0057AAF9 /* ChooseUsernameViewModel.swift */ = {isa = PBXFileReference; lastKnownFileType = sourcecode.swift; path = ChooseUsernameViewModel.swift; sourceTree = "<group>"; };
		8E47ADBA2C07964200653FD8 /* Match.swift */ = {isa = PBXFileReference; lastKnownFileType = sourcecode.swift; path = Match.swift; sourceTree = "<group>"; };
		8E47ADBC2C079AC400653FD8 /* AccountService.swift */ = {isa = PBXFileReference; lastKnownFileType = sourcecode.swift; path = AccountService.swift; sourceTree = "<group>"; };
		8E69A49D2BDC16C7005DC14F /* ErrorView.swift */ = {isa = PBXFileReference; lastKnownFileType = sourcecode.swift; path = ErrorView.swift; sourceTree = "<group>"; };
		8E805E932BE5070C00D144BF /* TournamentViewV2.swift */ = {isa = PBXFileReference; lastKnownFileType = sourcecode.swift; path = TournamentViewV2.swift; sourceTree = "<group>"; };
		8E84D8912BE4CE93006F4E97 /* AuthenticationService.swift */ = {isa = PBXFileReference; lastKnownFileType = sourcecode.swift; path = AuthenticationService.swift; sourceTree = "<group>"; };
		8E84D8932BE4CFF7006F4E97 /* TokenService.swift */ = {isa = PBXFileReference; lastKnownFileType = sourcecode.swift; path = TokenService.swift; sourceTree = "<group>"; };
		8E84D8952BE4D1F4006F4E97 /* TokenContainer.swift */ = {isa = PBXFileReference; lastKnownFileType = sourcecode.swift; path = TokenContainer.swift; sourceTree = "<group>"; };
		8E84D8982BE4D234006F4E97 /* KeychainWrapper.swift */ = {isa = PBXFileReference; lastKnownFileType = sourcecode.swift; path = KeychainWrapper.swift; sourceTree = "<group>"; };
		8E973E1A2BE7EEFD00E21705 /* MainViewV2.swift */ = {isa = PBXFileReference; lastKnownFileType = sourcecode.swift; path = MainViewV2.swift; sourceTree = "<group>"; };
		8E973E1C2BE7FA0600E21705 /* ScoreboardView.swift */ = {isa = PBXFileReference; lastKnownFileType = sourcecode.swift; path = ScoreboardView.swift; sourceTree = "<group>"; };
		8EEE2C6E2C09169E00AFA53C /* HomeView.swift */ = {isa = PBXFileReference; lastKnownFileType = sourcecode.swift; path = HomeView.swift; sourceTree = "<group>"; };
		8EF4204D2BDBBB2A00383D1D /* Tournament.app */ = {isa = PBXFileReference; explicitFileType = wrapper.application; includeInIndex = 0; path = Tournament.app; sourceTree = BUILT_PRODUCTS_DIR; };
		8EF420502BDBBB2A00383D1D /* TournamentApp.swift */ = {isa = PBXFileReference; lastKnownFileType = sourcecode.swift; path = TournamentApp.swift; sourceTree = "<group>"; };
		8EF420522BDBBB2A00383D1D /* MainView.swift */ = {isa = PBXFileReference; lastKnownFileType = sourcecode.swift; path = MainView.swift; sourceTree = "<group>"; };
		8EF420542BDBBB2B00383D1D /* Assets.xcassets */ = {isa = PBXFileReference; lastKnownFileType = folder.assetcatalog; path = Assets.xcassets; sourceTree = "<group>"; };
		8EF420572BDBBB2C00383D1D /* Preview Assets.xcassets */ = {isa = PBXFileReference; lastKnownFileType = folder.assetcatalog; path = "Preview Assets.xcassets"; sourceTree = "<group>"; };
		8EF420652BDBBCB500383D1D /* TournamentView.swift */ = {isa = PBXFileReference; lastKnownFileType = sourcecode.swift; path = TournamentView.swift; sourceTree = "<group>"; };
		8EF420672BDBBD2600383D1D /* PlaceholderView.swift */ = {isa = PBXFileReference; lastKnownFileType = sourcecode.swift; path = PlaceholderView.swift; sourceTree = "<group>"; };
		8EF420692BDBBF5C00383D1D /* AppDelegate.swift */ = {isa = PBXFileReference; lastKnownFileType = sourcecode.swift; path = AppDelegate.swift; sourceTree = "<group>"; };
		8EF4206C2BDBC16C00383D1D /* Player.swift */ = {isa = PBXFileReference; lastKnownFileType = sourcecode.swift; path = Player.swift; sourceTree = "<group>"; };
		8EF4206F2BDBC1B500383D1D /* DataFactory.swift */ = {isa = PBXFileReference; lastKnownFileType = sourcecode.swift; path = DataFactory.swift; sourceTree = "<group>"; };
		8EF420712BDBC20E00383D1D /* TournamentService.swift */ = {isa = PBXFileReference; lastKnownFileType = sourcecode.swift; path = TournamentService.swift; sourceTree = "<group>"; };
		8EF420732BDBC24900383D1D /* ServiceFactory.swift */ = {isa = PBXFileReference; lastKnownFileType = sourcecode.swift; path = ServiceFactory.swift; sourceTree = "<group>"; };
		8EF420752BDBC3D300383D1D /* Tournament.swift */ = {isa = PBXFileReference; lastKnownFileType = sourcecode.swift; path = Tournament.swift; sourceTree = "<group>"; };
		8EF420772BDBC4A900383D1D /* TournamentViewModel.swift */ = {isa = PBXFileReference; lastKnownFileType = sourcecode.swift; path = TournamentViewModel.swift; sourceTree = "<group>"; };
		8EF4207A2BDBC5FD00383D1D /* PlayerView.swift */ = {isa = PBXFileReference; lastKnownFileType = sourcecode.swift; path = PlayerView.swift; sourceTree = "<group>"; };
		8EF420832BDBE03D00383D1D /* TournamentHeaderView.swift */ = {isa = PBXFileReference; lastKnownFileType = sourcecode.swift; path = TournamentHeaderView.swift; sourceTree = "<group>"; };
		8EF420872BDBE2E800383D1D /* Account.swift */ = {isa = PBXFileReference; lastKnownFileType = sourcecode.swift; path = Account.swift; sourceTree = "<group>"; };
		8EF4208A2BDBE3C700383D1D /* SignInView.swift */ = {isa = PBXFileReference; lastKnownFileType = sourcecode.swift; path = SignInView.swift; sourceTree = "<group>"; };
		8EF4208E2BDBE3E400383D1D /* SignInViewModel.swift */ = {isa = PBXFileReference; lastKnownFileType = sourcecode.swift; path = SignInViewModel.swift; sourceTree = "<group>"; };
		8EF420912BDBE44E00383D1D /* Color+Tournament.swift */ = {isa = PBXFileReference; lastKnownFileType = sourcecode.swift; path = "Color+Tournament.swift"; sourceTree = "<group>"; };
		8EF420952BDBE8B600383D1D /* CreateTournamentView.swift */ = {isa = PBXFileReference; lastKnownFileType = sourcecode.swift; path = CreateTournamentView.swift; sourceTree = "<group>"; };
		8EF420992BDBEC3C00383D1D /* MainViewModel.swift */ = {isa = PBXFileReference; lastKnownFileType = sourcecode.swift; path = MainViewModel.swift; sourceTree = "<group>"; };
		8EF4209D2BDBEF6500383D1D /* JoinTournamentView.swift */ = {isa = PBXFileReference; lastKnownFileType = sourcecode.swift; path = JoinTournamentView.swift; sourceTree = "<group>"; };
		8EF4209F2BDBEFF100383D1D /* DigitInputView.swift */ = {isa = PBXFileReference; lastKnownFileType = sourcecode.swift; path = DigitInputView.swift; sourceTree = "<group>"; };
		8EF420A22BDBF36D00383D1D /* JoinTournamentViewModel.swift */ = {isa = PBXFileReference; lastKnownFileType = sourcecode.swift; path = JoinTournamentViewModel.swift; sourceTree = "<group>"; };
		8EF420A42BDBF4D000383D1D /* .gitignore */ = {isa = PBXFileReference; lastKnownFileType = text; path = .gitignore; sourceTree = "<group>"; };
/* End PBXFileReference section */

/* Begin PBXFrameworksBuildPhase section */
		8EF4204A2BDBBB2A00383D1D /* Frameworks */ = {
			isa = PBXFrameworksBuildPhase;
			buildActionMask = 2147483647;
			files = (
			);
			runOnlyForDeploymentPostprocessing = 0;
		};
/* End PBXFrameworksBuildPhase section */

/* Begin PBXGroup section */
		8E03B0BF2BDE42F60057AAF9 /* Settings */ = {
			isa = PBXGroup;
			children = (
				8E03B0C22BDE445B0057AAF9 /* ViewModels */,
				8E03B0C02BDE43070057AAF9 /* SettingsView.swift */,
			);
			path = Settings;
			sourceTree = "<group>";
		};
		8E03B0C22BDE445B0057AAF9 /* ViewModels */ = {
			isa = PBXGroup;
			children = (
				8E03B0C32BDE44690057AAF9 /* SettingsViewModel.swift */,
			);
			path = ViewModels;
			sourceTree = "<group>";
		};
		8E03B0C82BDEBCC30057AAF9 /* RegisterMatch */ = {
			isa = PBXGroup;
			children = (
				8E03B0D92BDEEC290057AAF9 /* ViewModels */,
				8E03B0CB2BDEC4590057AAF9 /* Views */,
			);
			path = RegisterMatch;
			sourceTree = "<group>";
		};
		8E03B0CB2BDEC4590057AAF9 /* Views */ = {
			isa = PBXGroup;
			children = (
				8E03B0D32BDEE94A0057AAF9 /* DiscoveredPlayerView.swift */,
				8E03B0D72BDEEC1C0057AAF9 /* RegisterMatchView.swift */,
				8E03B0EC2BE175F70057AAF9 /* ConfirmRegisterMatchView.swift */,
			);
			path = Views;
			sourceTree = "<group>";
		};
		8E03B0D02BDEDB650057AAF9 /* Networking */ = {
			isa = PBXGroup;
			children = (
				8E03B0D12BDEDB760057AAF9 /* APIError.swift */,
				8E03B0DC2BE153940057AAF9 /* NetworkManager.swift */,
				8E03B0DE2BE154270057AAF9 /* RequestFactory.swift */,
			);
			path = Networking;
			sourceTree = "<group>";
		};
		8E03B0D92BDEEC290057AAF9 /* ViewModels */ = {
			isa = PBXGroup;
			children = (
				8E03B0DA2BDEEC390057AAF9 /* RegisterMatchViewModel.swift */,
			);
			path = ViewModels;
			sourceTree = "<group>";
		};
		8E03B0E02BE156AC0057AAF9 /* Factories */ = {
			isa = PBXGroup;
			children = (
				8EF420732BDBC24900383D1D /* ServiceFactory.swift */,
				8EF4206F2BDBC1B500383D1D /* DataFactory.swift */,
			);
			path = Factories;
			sourceTree = "<group>";
		};
		8E03B0E92BE16E960057AAF9 /* Requests */ = {
			isa = PBXGroup;
			children = (
				8E03B0E52BE15DF00057AAF9 /* TournamentRequest.swift */,
				8E03B0E72BE1690D0057AAF9 /* MatchRequest.swift */,
				8E03B0EA2BE16EA80057AAF9 /* JoinRequest.swift */,
				8E03B0F32BE191A50057AAF9 /* UsernameRequest.swift */,
			);
			path = Requests;
			sourceTree = "<group>";
		};
		8E03B0EE2BE18B420057AAF9 /* Styles */ = {
			isa = PBXGroup;
			children = (
				8E03B0EF2BE18B500057AAF9 /* ButtonStyle.swift */,
			);
			path = Styles;
			sourceTree = "<group>";
		};
		8E69A49C2BDC16B7005DC14F /* Shared */ = {
			isa = PBXGroup;
			children = (
				8E03B0EE2BE18B420057AAF9 /* Styles */,
				8E69A49D2BDC16C7005DC14F /* ErrorView.swift */,
			);
			path = Shared;
			sourceTree = "<group>";
		};
		8E84D8972BE4D229006F4E97 /* Utils */ = {
			isa = PBXGroup;
			children = (
				8E84D8982BE4D234006F4E97 /* KeychainWrapper.swift */,
			);
			path = Utils;
			sourceTree = "<group>";
		};
		8EEE2C6D2C09168D00AFA53C /* Home */ = {
			isa = PBXGroup;
			children = (
				8EEE2C6E2C09169E00AFA53C /* HomeView.swift */,
			);
			path = Home;
			sourceTree = "<group>";
		};
		8EF420442BDBBB2A00383D1D = {
			isa = PBXGroup;
			children = (
				8E03B0C52BDEB40B0057AAF9 /* README.md */,
				8EF420A42BDBF4D000383D1D /* .gitignore */,
				8EF4204F2BDBBB2A00383D1D /* Tournament */,
				8EF4204E2BDBBB2A00383D1D /* Products */,
			);
			sourceTree = "<group>";
		};
		8EF4204E2BDBBB2A00383D1D /* Products */ = {
			isa = PBXGroup;
			children = (
				8EF4204D2BDBBB2A00383D1D /* Tournament.app */,
			);
			name = Products;
			sourceTree = "<group>";
		};
		8EF4204F2BDBBB2A00383D1D /* Tournament */ = {
			isa = PBXGroup;
			children = (
				8E03B0C72BDEBC170057AAF9 /* Info.plist */,
				8E84D8972BE4D229006F4E97 /* Utils */,
				8E03B0D02BDEDB650057AAF9 /* Networking */,
				8EF420902BDBE44000383D1D /* Extensions */,
				8EF4206B2BDBC16100383D1D /* Entities */,
				8EF4205F2BDBBB8E00383D1D /* Screens */,
				8EF4205E2BDBBB6900383D1D /* Services */,
				8EF420502BDBBB2A00383D1D /* TournamentApp.swift */,
				8E03B0E12BE15A440057AAF9 /* AppSettings.swift */,
				8EF420692BDBBF5C00383D1D /* AppDelegate.swift */,
				8EF420542BDBBB2B00383D1D /* Assets.xcassets */,
				8EF420562BDBBB2C00383D1D /* Preview Content */,
			);
			path = Tournament;
			sourceTree = "<group>";
		};
		8EF420562BDBBB2C00383D1D /* Preview Content */ = {
			isa = PBXGroup;
			children = (
				8EF420572BDBBB2C00383D1D /* Preview Assets.xcassets */,
			);
			path = "Preview Content";
			sourceTree = "<group>";
		};
		8EF4205E2BDBBB6900383D1D /* Services */ = {
			isa = PBXGroup;
			children = (
				8E03B0E02BE156AC0057AAF9 /* Factories */,
				8EF420712BDBC20E00383D1D /* TournamentService.swift */,
				8E03B0D52BDEE99E0057AAF9 /* BluetoothService.swift */,
				8E84D8912BE4CE93006F4E97 /* AuthenticationService.swift */,
				8E84D8932BE4CFF7006F4E97 /* TokenService.swift */,
				8E47ADBC2C079AC400653FD8 /* AccountService.swift */,
			);
			path = Services;
			sourceTree = "<group>";
		};
		8EF4205F2BDBBB8E00383D1D /* Screens */ = {
			isa = PBXGroup;
			children = (
				8EEE2C6D2C09168D00AFA53C /* Home */,
				8E03B0C82BDEBCC30057AAF9 /* RegisterMatch */,
				8E03B0BF2BDE42F60057AAF9 /* Settings */,
				8E69A49C2BDC16B7005DC14F /* Shared */,
				8EF4209B2BDBEF4D00383D1D /* JoinTournament */,
				8EF420932BDBE89B00383D1D /* CreateTournament */,
				8EF420892BDBE3B400383D1D /* SignIn */,
				8EF420622BDBBC1D00383D1D /* Tournament */,
				8EF420602BDBBB9D00383D1D /* Main */,
			);
			path = Screens;
			sourceTree = "<group>";
		};
		8EF420602BDBBB9D00383D1D /* Main */ = {
			isa = PBXGroup;
			children = (
				8EF420982BDBEC2E00383D1D /* ViewModels */,
				8EF420972BDBEC2600383D1D /* Views */,
			);
			path = Main;
			sourceTree = "<group>";
		};
		8EF420622BDBBC1D00383D1D /* Tournament */ = {
			isa = PBXGroup;
			children = (
				8EF4207D2BDBDA5A00383D1D /* ViewModels */,
				8EF420792BDBC5DC00383D1D /* Views */,
			);
			path = Tournament;
			sourceTree = "<group>";
		};
		8EF4206B2BDBC16100383D1D /* Entities */ = {
			isa = PBXGroup;
			children = (
				8E03B0E92BE16E960057AAF9 /* Requests */,
				8EF4206C2BDBC16C00383D1D /* Player.swift */,
				8EF420752BDBC3D300383D1D /* Tournament.swift */,
				8EF420872BDBE2E800383D1D /* Account.swift */,
				8E84D8952BE4D1F4006F4E97 /* TokenContainer.swift */,
				8E47ADBA2C07964200653FD8 /* Match.swift */,
			);
			path = Entities;
			sourceTree = "<group>";
		};
		8EF420792BDBC5DC00383D1D /* Views */ = {
			isa = PBXGroup;
			children = (
				8EF420652BDBBCB500383D1D /* TournamentView.swift */,
				8EF4207A2BDBC5FD00383D1D /* PlayerView.swift */,
				8EF420832BDBE03D00383D1D /* TournamentHeaderView.swift */,
				8E03B0BD2BDE3BF00057AAF9 /* AccountView.swift */,
				8E805E932BE5070C00D144BF /* TournamentViewV2.swift */,
				8E973E1C2BE7FA0600E21705 /* ScoreboardView.swift */,
			);
			path = Views;
			sourceTree = "<group>";
		};
		8EF4207D2BDBDA5A00383D1D /* ViewModels */ = {
			isa = PBXGroup;
			children = (
				8EF420772BDBC4A900383D1D /* TournamentViewModel.swift */,
			);
			path = ViewModels;
			sourceTree = "<group>";
		};
		8EF420892BDBE3B400383D1D /* SignIn */ = {
			isa = PBXGroup;
			children = (
				8EF4208D2BDBE3D400383D1D /* Views */,
				8EF4208C2BDBE3CD00383D1D /* ViewModels */,
			);
			path = SignIn;
			sourceTree = "<group>";
		};
		8EF4208C2BDBE3CD00383D1D /* ViewModels */ = {
			isa = PBXGroup;
			children = (
				8EF4208E2BDBE3E400383D1D /* SignInViewModel.swift */,
				8E03B0F52BE1926C0057AAF9 /* ChooseUsernameViewModel.swift */,
			);
			path = ViewModels;
			sourceTree = "<group>";
		};
		8EF4208D2BDBE3D400383D1D /* Views */ = {
			isa = PBXGroup;
			children = (
				8EF4208A2BDBE3C700383D1D /* SignInView.swift */,
				8E03B0F12BE18CFD0057AAF9 /* ChooseUsernameView.swift */,
			);
			path = Views;
			sourceTree = "<group>";
		};
		8EF420902BDBE44000383D1D /* Extensions */ = {
			isa = PBXGroup;
			children = (
				8EF420912BDBE44E00383D1D /* Color+Tournament.swift */,
			);
			path = Extensions;
			sourceTree = "<group>";
		};
		8EF420932BDBE89B00383D1D /* CreateTournament */ = {
			isa = PBXGroup;
			children = (
				8EF420942BDBE8A600383D1D /* Views */,
			);
			path = CreateTournament;
			sourceTree = "<group>";
		};
		8EF420942BDBE8A600383D1D /* Views */ = {
			isa = PBXGroup;
			children = (
				8EF420952BDBE8B600383D1D /* CreateTournamentView.swift */,
			);
			path = Views;
			sourceTree = "<group>";
		};
		8EF420972BDBEC2600383D1D /* Views */ = {
			isa = PBXGroup;
			children = (
				8E973E1A2BE7EEFD00E21705 /* MainViewV2.swift */,
				8EF420522BDBBB2A00383D1D /* MainView.swift */,
				8EF420672BDBBD2600383D1D /* PlaceholderView.swift */,
				8E03B0CE2BDEC8B70057AAF9 /* MainMenuView.swift */,
			);
			path = Views;
			sourceTree = "<group>";
		};
		8EF420982BDBEC2E00383D1D /* ViewModels */ = {
			isa = PBXGroup;
			children = (
				8EF420992BDBEC3C00383D1D /* MainViewModel.swift */,
			);
			path = ViewModels;
			sourceTree = "<group>";
		};
		8EF4209B2BDBEF4D00383D1D /* JoinTournament */ = {
			isa = PBXGroup;
			children = (
				8EF420A12BDBF35500383D1D /* ViewModels */,
				8EF4209C2BDBEF5600383D1D /* Views */,
			);
			path = JoinTournament;
			sourceTree = "<group>";
		};
		8EF4209C2BDBEF5600383D1D /* Views */ = {
			isa = PBXGroup;
			children = (
				8EF4209D2BDBEF6500383D1D /* JoinTournamentView.swift */,
				8EF4209F2BDBEFF100383D1D /* DigitInputView.swift */,
			);
			path = Views;
			sourceTree = "<group>";
		};
		8EF420A12BDBF35500383D1D /* ViewModels */ = {
			isa = PBXGroup;
			children = (
				8EF420A22BDBF36D00383D1D /* JoinTournamentViewModel.swift */,
			);
			path = ViewModels;
			sourceTree = "<group>";
		};
/* End PBXGroup section */

/* Begin PBXNativeTarget section */
		8EF4204C2BDBBB2A00383D1D /* Tournament */ = {
			isa = PBXNativeTarget;
			buildConfigurationList = 8EF4205B2BDBBB2C00383D1D /* Build configuration list for PBXNativeTarget "Tournament" */;
			buildPhases = (
				8EF420492BDBBB2A00383D1D /* Sources */,
				8EF4204A2BDBBB2A00383D1D /* Frameworks */,
				8EF4204B2BDBBB2A00383D1D /* Resources */,
			);
			buildRules = (
			);
			dependencies = (
			);
			name = Tournament;
			productName = Tournament;
			productReference = 8EF4204D2BDBBB2A00383D1D /* Tournament.app */;
			productType = "com.apple.product-type.application";
		};
/* End PBXNativeTarget section */

/* Begin PBXProject section */
		8EF420452BDBBB2A00383D1D /* Project object */ = {
			isa = PBXProject;
			attributes = {
				BuildIndependentTargetsInParallel = 1;
				LastSwiftUpdateCheck = 1530;
				LastUpgradeCheck = 1530;
				TargetAttributes = {
					8EF4204C2BDBBB2A00383D1D = {
						CreatedOnToolsVersion = 15.3;
					};
				};
			};
			buildConfigurationList = 8EF420482BDBBB2A00383D1D /* Build configuration list for PBXProject "Tournament" */;
			compatibilityVersion = "Xcode 14.0";
			developmentRegion = en;
			hasScannedForEncodings = 0;
			knownRegions = (
				en,
				Base,
			);
			mainGroup = 8EF420442BDBBB2A00383D1D;
			productRefGroup = 8EF4204E2BDBBB2A00383D1D /* Products */;
			projectDirPath = "";
			projectRoot = "";
			targets = (
				8EF4204C2BDBBB2A00383D1D /* Tournament */,
			);
		};
/* End PBXProject section */

/* Begin PBXResourcesBuildPhase section */
		8EF4204B2BDBBB2A00383D1D /* Resources */ = {
			isa = PBXResourcesBuildPhase;
			buildActionMask = 2147483647;
			files = (
				8EF420582BDBBB2C00383D1D /* Preview Assets.xcassets in Resources */,
				8EF420552BDBBB2B00383D1D /* Assets.xcassets in Resources */,
			);
			runOnlyForDeploymentPostprocessing = 0;
		};
/* End PBXResourcesBuildPhase section */

/* Begin PBXSourcesBuildPhase section */
		8EF420492BDBBB2A00383D1D /* Sources */ = {
			isa = PBXSourcesBuildPhase;
			buildActionMask = 2147483647;
			files = (
				8E03B0DF2BE154270057AAF9 /* RequestFactory.swift in Sources */,
				8E03B0DD2BE153940057AAF9 /* NetworkManager.swift in Sources */,
				8EF4208B2BDBE3C700383D1D /* SignInView.swift in Sources */,
				8EF420742BDBC24900383D1D /* ServiceFactory.swift in Sources */,
				8E03B0CF2BDEC8B70057AAF9 /* MainMenuView.swift in Sources */,
				8E03B0E82BE1690D0057AAF9 /* MatchRequest.swift in Sources */,
				8EF4206A2BDBBF5C00383D1D /* AppDelegate.swift in Sources */,
				8EF420A02BDBEFF100383D1D /* DigitInputView.swift in Sources */,
				8EF420A32BDBF36D00383D1D /* JoinTournamentViewModel.swift in Sources */,
				8EF420962BDBE8B600383D1D /* CreateTournamentView.swift in Sources */,
				8E03B0BE2BDE3BF00057AAF9 /* AccountView.swift in Sources */,
				8E03B0DB2BDEEC390057AAF9 /* RegisterMatchViewModel.swift in Sources */,
				8E84D8942BE4CFF7006F4E97 /* TokenService.swift in Sources */,
				8E03B0F42BE191A50057AAF9 /* UsernameRequest.swift in Sources */,
				8E805E942BE5070C00D144BF /* TournamentViewV2.swift in Sources */,
				8EF4208F2BDBE3E400383D1D /* SignInViewModel.swift in Sources */,
				8E47ADBB2C07964200653FD8 /* Match.swift in Sources */,
				8E03B0D82BDEEC1C0057AAF9 /* RegisterMatchView.swift in Sources */,
				8E03B0D62BDEE99E0057AAF9 /* BluetoothService.swift in Sources */,
				8EF420922BDBE44E00383D1D /* Color+Tournament.swift in Sources */,
				8E03B0E62BE15DF00057AAF9 /* TournamentRequest.swift in Sources */,
				8EF4209E2BDBEF6500383D1D /* JoinTournamentView.swift in Sources */,
				8EF4207B2BDBC5FD00383D1D /* PlayerView.swift in Sources */,
				8E69A49E2BDC16C7005DC14F /* ErrorView.swift in Sources */,
				8EF420682BDBBD2600383D1D /* PlaceholderView.swift in Sources */,
				8E03B0E22BE15A440057AAF9 /* AppSettings.swift in Sources */,
				8EF420532BDBBB2A00383D1D /* MainView.swift in Sources */,
				8EF420762BDBC3D300383D1D /* Tournament.swift in Sources */,
				8E973E1B2BE7EEFD00E21705 /* MainViewV2.swift in Sources */,
				8E47ADBD2C079AC400653FD8 /* AccountService.swift in Sources */,
				8E03B0C42BDE44690057AAF9 /* SettingsViewModel.swift in Sources */,
				8EF4206D2BDBC16C00383D1D /* Player.swift in Sources */,
				8E03B0F02BE18B500057AAF9 /* ButtonStyle.swift in Sources */,
				8E03B0F62BE1926C0057AAF9 /* ChooseUsernameViewModel.swift in Sources */,
				8EF420662BDBBCB500383D1D /* TournamentView.swift in Sources */,
				8E03B0F22BE18CFD0057AAF9 /* ChooseUsernameView.swift in Sources */,
				8E03B0ED2BE175F70057AAF9 /* ConfirmRegisterMatchView.swift in Sources */,
				8EF420722BDBC20E00383D1D /* TournamentService.swift in Sources */,
				8E84D8962BE4D1F4006F4E97 /* TokenContainer.swift in Sources */,
				8EF420782BDBC4A900383D1D /* TournamentViewModel.swift in Sources */,
				8E03B0D42BDEE94A0057AAF9 /* DiscoveredPlayerView.swift in Sources */,
				8EF420882BDBE2E800383D1D /* Account.swift in Sources */,
				8E03B0C12BDE43070057AAF9 /* SettingsView.swift in Sources */,
				8EF420842BDBE03D00383D1D /* TournamentHeaderView.swift in Sources */,
				8E03B0EB2BE16EA80057AAF9 /* JoinRequest.swift in Sources */,
				8EF420702BDBC1B500383D1D /* DataFactory.swift in Sources */,
				8EF420512BDBBB2A00383D1D /* TournamentApp.swift in Sources */,
				8E84D8992BE4D234006F4E97 /* KeychainWrapper.swift in Sources */,
				8EEE2C6F2C09169E00AFA53C /* HomeView.swift in Sources */,
				8EF4209A2BDBEC3C00383D1D /* MainViewModel.swift in Sources */,
				8E03B0D22BDEDB760057AAF9 /* APIError.swift in Sources */,
				8E973E1D2BE7FA0600E21705 /* ScoreboardView.swift in Sources */,
				8E84D8922BE4CE93006F4E97 /* AuthenticationService.swift in Sources */,
			);
			runOnlyForDeploymentPostprocessing = 0;
		};
/* End PBXSourcesBuildPhase section */

/* Begin XCBuildConfiguration section */
		8EF420592BDBBB2C00383D1D /* Debug */ = {
			isa = XCBuildConfiguration;
			buildSettings = {
				ALWAYS_SEARCH_USER_PATHS = NO;
				ASSETCATALOG_COMPILER_GENERATE_SWIFT_ASSET_SYMBOL_EXTENSIONS = YES;
				CLANG_ANALYZER_NONNULL = YES;
				CLANG_ANALYZER_NUMBER_OBJECT_CONVERSION = YES_AGGRESSIVE;
				CLANG_CXX_LANGUAGE_STANDARD = "gnu++20";
				CLANG_ENABLE_MODULES = YES;
				CLANG_ENABLE_OBJC_ARC = YES;
				CLANG_ENABLE_OBJC_WEAK = YES;
				CLANG_WARN_BLOCK_CAPTURE_AUTORELEASING = YES;
				CLANG_WARN_BOOL_CONVERSION = YES;
				CLANG_WARN_COMMA = YES;
				CLANG_WARN_CONSTANT_CONVERSION = YES;
				CLANG_WARN_DEPRECATED_OBJC_IMPLEMENTATIONS = YES;
				CLANG_WARN_DIRECT_OBJC_ISA_USAGE = YES_ERROR;
				CLANG_WARN_DOCUMENTATION_COMMENTS = YES;
				CLANG_WARN_EMPTY_BODY = YES;
				CLANG_WARN_ENUM_CONVERSION = YES;
				CLANG_WARN_INFINITE_RECURSION = YES;
				CLANG_WARN_INT_CONVERSION = YES;
				CLANG_WARN_NON_LITERAL_NULL_CONVERSION = YES;
				CLANG_WARN_OBJC_IMPLICIT_RETAIN_SELF = YES;
				CLANG_WARN_OBJC_LITERAL_CONVERSION = YES;
				CLANG_WARN_OBJC_ROOT_CLASS = YES_ERROR;
				CLANG_WARN_QUOTED_INCLUDE_IN_FRAMEWORK_HEADER = YES;
				CLANG_WARN_RANGE_LOOP_ANALYSIS = YES;
				CLANG_WARN_STRICT_PROTOTYPES = YES;
				CLANG_WARN_SUSPICIOUS_MOVE = YES;
				CLANG_WARN_UNGUARDED_AVAILABILITY = YES_AGGRESSIVE;
				CLANG_WARN_UNREACHABLE_CODE = YES;
				CLANG_WARN__DUPLICATE_METHOD_MATCH = YES;
				COPY_PHASE_STRIP = NO;
				DEBUG_INFORMATION_FORMAT = dwarf;
				ENABLE_STRICT_OBJC_MSGSEND = YES;
				ENABLE_TESTABILITY = YES;
				ENABLE_USER_SCRIPT_SANDBOXING = YES;
				GCC_C_LANGUAGE_STANDARD = gnu17;
				GCC_DYNAMIC_NO_PIC = NO;
				GCC_NO_COMMON_BLOCKS = YES;
				GCC_OPTIMIZATION_LEVEL = 0;
				GCC_PREPROCESSOR_DEFINITIONS = (
					"DEBUG=1",
					"$(inherited)",
				);
				GCC_WARN_64_TO_32_BIT_CONVERSION = YES;
				GCC_WARN_ABOUT_RETURN_TYPE = YES_ERROR;
				GCC_WARN_UNDECLARED_SELECTOR = YES;
				GCC_WARN_UNINITIALIZED_AUTOS = YES_AGGRESSIVE;
				GCC_WARN_UNUSED_FUNCTION = YES;
				GCC_WARN_UNUSED_VARIABLE = YES;
				IPHONEOS_DEPLOYMENT_TARGET = 17.4;
				LOCALIZATION_PREFERS_STRING_CATALOGS = YES;
				MTL_ENABLE_DEBUG_INFO = INCLUDE_SOURCE;
				MTL_FAST_MATH = YES;
				ONLY_ACTIVE_ARCH = YES;
				SDKROOT = iphoneos;
				SWIFT_ACTIVE_COMPILATION_CONDITIONS = "DEBUG $(inherited)";
				SWIFT_OPTIMIZATION_LEVEL = "-Onone";
			};
			name = Debug;
		};
		8EF4205A2BDBBB2C00383D1D /* Release */ = {
			isa = XCBuildConfiguration;
			buildSettings = {
				ALWAYS_SEARCH_USER_PATHS = NO;
				ASSETCATALOG_COMPILER_GENERATE_SWIFT_ASSET_SYMBOL_EXTENSIONS = YES;
				CLANG_ANALYZER_NONNULL = YES;
				CLANG_ANALYZER_NUMBER_OBJECT_CONVERSION = YES_AGGRESSIVE;
				CLANG_CXX_LANGUAGE_STANDARD = "gnu++20";
				CLANG_ENABLE_MODULES = YES;
				CLANG_ENABLE_OBJC_ARC = YES;
				CLANG_ENABLE_OBJC_WEAK = YES;
				CLANG_WARN_BLOCK_CAPTURE_AUTORELEASING = YES;
				CLANG_WARN_BOOL_CONVERSION = YES;
				CLANG_WARN_COMMA = YES;
				CLANG_WARN_CONSTANT_CONVERSION = YES;
				CLANG_WARN_DEPRECATED_OBJC_IMPLEMENTATIONS = YES;
				CLANG_WARN_DIRECT_OBJC_ISA_USAGE = YES_ERROR;
				CLANG_WARN_DOCUMENTATION_COMMENTS = YES;
				CLANG_WARN_EMPTY_BODY = YES;
				CLANG_WARN_ENUM_CONVERSION = YES;
				CLANG_WARN_INFINITE_RECURSION = YES;
				CLANG_WARN_INT_CONVERSION = YES;
				CLANG_WARN_NON_LITERAL_NULL_CONVERSION = YES;
				CLANG_WARN_OBJC_IMPLICIT_RETAIN_SELF = YES;
				CLANG_WARN_OBJC_LITERAL_CONVERSION = YES;
				CLANG_WARN_OBJC_ROOT_CLASS = YES_ERROR;
				CLANG_WARN_QUOTED_INCLUDE_IN_FRAMEWORK_HEADER = YES;
				CLANG_WARN_RANGE_LOOP_ANALYSIS = YES;
				CLANG_WARN_STRICT_PROTOTYPES = YES;
				CLANG_WARN_SUSPICIOUS_MOVE = YES;
				CLANG_WARN_UNGUARDED_AVAILABILITY = YES_AGGRESSIVE;
				CLANG_WARN_UNREACHABLE_CODE = YES;
				CLANG_WARN__DUPLICATE_METHOD_MATCH = YES;
				COPY_PHASE_STRIP = NO;
				DEBUG_INFORMATION_FORMAT = "dwarf-with-dsym";
				ENABLE_NS_ASSERTIONS = NO;
				ENABLE_STRICT_OBJC_MSGSEND = YES;
				ENABLE_USER_SCRIPT_SANDBOXING = YES;
				GCC_C_LANGUAGE_STANDARD = gnu17;
				GCC_NO_COMMON_BLOCKS = YES;
				GCC_WARN_64_TO_32_BIT_CONVERSION = YES;
				GCC_WARN_ABOUT_RETURN_TYPE = YES_ERROR;
				GCC_WARN_UNDECLARED_SELECTOR = YES;
				GCC_WARN_UNINITIALIZED_AUTOS = YES_AGGRESSIVE;
				GCC_WARN_UNUSED_FUNCTION = YES;
				GCC_WARN_UNUSED_VARIABLE = YES;
				IPHONEOS_DEPLOYMENT_TARGET = 17.4;
				LOCALIZATION_PREFERS_STRING_CATALOGS = YES;
				MTL_ENABLE_DEBUG_INFO = NO;
				MTL_FAST_MATH = YES;
				SDKROOT = iphoneos;
				SWIFT_COMPILATION_MODE = wholemodule;
				VALIDATE_PRODUCT = YES;
			};
			name = Release;
		};
		8EF4205C2BDBBB2C00383D1D /* Debug */ = {
			isa = XCBuildConfiguration;
			buildSettings = {
				ASSETCATALOG_COMPILER_APPICON_NAME = AppIcon;
				ASSETCATALOG_COMPILER_GLOBAL_ACCENT_COLOR_NAME = AccentColor;
				CODE_SIGN_STYLE = Automatic;
				CURRENT_PROJECT_VERSION = 1;
				DEVELOPMENT_ASSET_PATHS = "\"Tournament/Preview Content\"";
				DEVELOPMENT_TEAM = 2SMFLM66R9;
				ENABLE_PREVIEWS = YES;
				GENERATE_INFOPLIST_FILE = YES;
				INFOPLIST_FILE = Tournament/Info.plist;
				INFOPLIST_KEY_LSApplicationCategoryType = "public.app-category.entertainment";
				INFOPLIST_KEY_NSBluetoothAlwaysUsageDescription = "The app needs bluetooth for discovering opponents";
				INFOPLIST_KEY_NSBluetoothPeripheralUsageDescription = "The app needs to contact other devices";
				INFOPLIST_KEY_UIApplicationSceneManifest_Generation = YES;
				INFOPLIST_KEY_UIApplicationSupportsIndirectInputEvents = YES;
				INFOPLIST_KEY_UILaunchScreen_Generation = YES;
				INFOPLIST_KEY_UIStatusBarStyle = UIStatusBarStyleLightContent;
				INFOPLIST_KEY_UISupportedInterfaceOrientations = UIInterfaceOrientationPortrait;
				LD_RUNPATH_SEARCH_PATHS = (
					"$(inherited)",
					"@executable_path/Frameworks",
				);
				MARKETING_VERSION = 1.0.0;
				PRODUCT_BUNDLE_IDENTIFIER = no.m31.tournament;
				PRODUCT_NAME = "$(TARGET_NAME)";
				SUPPORTED_PLATFORMS = "iphoneos iphonesimulator";
				SUPPORTS_MACCATALYST = NO;
				SUPPORTS_MAC_DESIGNED_FOR_IPHONE_IPAD = NO;
				SUPPORTS_XR_DESIGNED_FOR_IPHONE_IPAD = NO;
				SWIFT_EMIT_LOC_STRINGS = YES;
				SWIFT_VERSION = 5.0;
				TARGETED_DEVICE_FAMILY = 1;
			};
			name = Debug;
		};
		8EF4205D2BDBBB2C00383D1D /* Release */ = {
			isa = XCBuildConfiguration;
			buildSettings = {
				ASSETCATALOG_COMPILER_APPICON_NAME = AppIcon;
				ASSETCATALOG_COMPILER_GLOBAL_ACCENT_COLOR_NAME = AccentColor;
				CODE_SIGN_STYLE = Automatic;
				CURRENT_PROJECT_VERSION = 1;
				DEVELOPMENT_ASSET_PATHS = "\"Tournament/Preview Content\"";
				DEVELOPMENT_TEAM = 2SMFLM66R9;
				ENABLE_PREVIEWS = YES;
				GENERATE_INFOPLIST_FILE = YES;
				INFOPLIST_FILE = Tournament/Info.plist;
				INFOPLIST_KEY_LSApplicationCategoryType = "public.app-category.entertainment";
				INFOPLIST_KEY_NSBluetoothAlwaysUsageDescription = "The app needs bluetooth for discovering opponents";
				INFOPLIST_KEY_NSBluetoothPeripheralUsageDescription = "The app needs to contact other devices";
				INFOPLIST_KEY_UIApplicationSceneManifest_Generation = YES;
				INFOPLIST_KEY_UIApplicationSupportsIndirectInputEvents = YES;
				INFOPLIST_KEY_UILaunchScreen_Generation = YES;
				INFOPLIST_KEY_UIStatusBarStyle = UIStatusBarStyleLightContent;
				INFOPLIST_KEY_UISupportedInterfaceOrientations = UIInterfaceOrientationPortrait;
				LD_RUNPATH_SEARCH_PATHS = (
					"$(inherited)",
					"@executable_path/Frameworks",
				);
				MARKETING_VERSION = 1.0.0;
				PRODUCT_BUNDLE_IDENTIFIER = no.m31.tournament;
				PRODUCT_NAME = "$(TARGET_NAME)";
				SUPPORTED_PLATFORMS = "iphoneos iphonesimulator";
				SUPPORTS_MACCATALYST = NO;
				SUPPORTS_MAC_DESIGNED_FOR_IPHONE_IPAD = NO;
				SUPPORTS_XR_DESIGNED_FOR_IPHONE_IPAD = NO;
				SWIFT_EMIT_LOC_STRINGS = YES;
				SWIFT_VERSION = 5.0;
				TARGETED_DEVICE_FAMILY = 1;
			};
			name = Release;
		};
/* End XCBuildConfiguration section */

/* Begin XCConfigurationList section */
		8EF420482BDBBB2A00383D1D /* Build configuration list for PBXProject "Tournament" */ = {
			isa = XCConfigurationList;
			buildConfigurations = (
				8EF420592BDBBB2C00383D1D /* Debug */,
				8EF4205A2BDBBB2C00383D1D /* Release */,
			);
			defaultConfigurationIsVisible = 0;
			defaultConfigurationName = Release;
		};
		8EF4205B2BDBBB2C00383D1D /* Build configuration list for PBXNativeTarget "Tournament" */ = {
			isa = XCConfigurationList;
			buildConfigurations = (
				8EF4205C2BDBBB2C00383D1D /* Debug */,
				8EF4205D2BDBBB2C00383D1D /* Release */,
			);
			defaultConfigurationIsVisible = 0;
			defaultConfigurationName = Release;
		};
/* End XCConfigurationList section */
	};
	rootObject = 8EF420452BDBBB2A00383D1D /* Project object */;
}
